
Microsoft Visual Studio Solution File, Format Version 11.00
# Visual Studio 2010
Project("{FAE04EC0-301F-11D3-BF4B-00C04F79EFBC}") = "Unity.XR.Interaction.Toolkit.Samples.StarterAssets", "Unity.XR.Interaction.Toolkit.Samples.StarterAssets.csproj", "{bae56653-8cd9-ac5a-3a04-627c14a4a0a4}"
EndProject
Project("{FAE04EC0-301F-11D3-BF4B-00C04F79EFBC}") = "Unity.XR.Interaction.Toolkit.Samples.DeviceSimulator", "Unity.XR.Interaction.Toolkit.Samples.DeviceSimulator.csproj", "{0692cc8b-6f97-2799-9b27-718c07b84f25}"
EndProject
Project("{FAE04EC0-301F-11D3-BF4B-00C04F79EFBC}") = "Assembly-CSharp", "Assembly-CSharp.csproj", "{ce720bdb-aa63-05e7-2b56-5d9ad620de2d}"
EndProject
Project("{FAE04EC0-301F-11D3-BF4B-00C04F79EFBC}") = "Unity.XR.Interaction.Toolkit.Samples.StarterAssets.Editor", "Unity.XR.Interaction.Toolkit.Samples.StarterAssets.Editor.csproj", "{3c876af5-3f78-8036-978c-2ceaa22b92b9}"
EndProject
Global
	GlobalSection(SolutionConfigurationPlatforms) = preSolution
		Debug|Any CPU = Debug|Any CPU
	EndGlobalSection
	GlobalSection(ProjectConfigurationPlatforms) = postSolution
		{bae56653-8cd9-ac5a-3a04-627c14a4a0a4}.Debug|Any CPU.ActiveCfg = Debug|Any CPU
		{bae56653-8cd9-ac5a-3a04-627c14a4a0a4}.Debug|Any CPU.Build.0 = Debug|Any CPU
		{0692cc8b-6f97-2799-9b27-718c07b84f25}.Debug|Any CPU.ActiveCfg = Debug|Any CPU
		{0692cc8b-6f97-2799-9b27-718c07b84f25}.Debug|Any CPU.Build.0 = Debug|Any CPU
		{ce720bdb-aa63-05e7-2b56-5d9ad620de2d}.Debug|Any CPU.ActiveCfg = Debug|Any CPU
		{ce720bdb-aa63-05e7-2b56-5d9ad620de2d}.Debug|Any CPU.Build.0 = Debug|Any CPU
		{3c876af5-3f78-8036-978c-2ceaa22b92b9}.Debug|Any CPU.ActiveCfg = Debug|Any CPU
		{3c876af5-3f78-8036-978c-2ceaa22b92b9}.Debug|Any CPU.Build.0 = Debug|Any CPU
	EndGlobalSection
	GlobalSection(SolutionProperties) = preSolution
		HideSolutionNode = FALSE
	EndGlobalSection
EndGlobal
